
Microsoft Visual Studio Solution File, Format Version 12.00
# Visual Studio Version 17
VisualStudioVersion = 17.10.35201.131
MinimumVisualStudioVersion = 10.0.40219.1
Project("{9A19103F-16F7-4668-BE54-9A1E7A4F7556}") = "Bank of Khabib", "Bank of Khabib.csproj", "{DA607484-D277-4FDC-A43F-846F413C1981}"
EndProject
Global
	GlobalSection(SolutionConfigurationPlatforms) = preSolution
		Debug|Any CPU = Debug|Any CPU
		Release|Any CPU = Release|Any CPU
	EndGlobalSection
	GlobalSection(ProjectConfigurationPlatforms) = postSolution
		{DA607484-D277-4FDC-A43F-846F413C1981}.Debug|Any CPU.ActiveCfg = Debug|Any CPU
		{DA607484-D277-4FDC-A43F-846F413C1981}.Debug|Any CPU.Build.0 = Debug|Any CPU
		{DA607484-D277-4FDC-A43F-846F413C1981}.Release|Any CPU.ActiveCfg = Release|Any CPU
		{DA607484-D277-4FDC-A43F-846F413C1981}.Release|Any CPU.Build.0 = Release|Any CPU
	EndGlobalSection
	GlobalSection(SolutionProperties) = preSolution
		HideSolutionNode = FALSE
	EndGlobalSection
	GlobalSection(ExtensibilityGlobals) = postSolution
		SolutionGuid = {009FC4F9-9B00-498E-80A4-DE744DC4C899}
	EndGlobalSection
EndGlobal
